{
    "name": "glpi-plugin-mydashboard",
    "version": "2.3.8",
    "lockfileVersion": 3,
    "requires": true,
    "packages": {
        "": {
            "name": "glpi-plugin-mydashboard",
            "version": "2.3.8",
            "license": "GPL-3.0-or-later",
            "dependencies": {
                "circles.js": "0.0.6",
                "countup.js": "1.9.3",
                "datatables.net": "2.3.7",
                "datatables.net-buttons": "3.2.6",
                "datatables.net-colreorder": "2.1.2",
                "echarts": "6.1.0",
                "fuse.js": "6.6.2",
                "gridstack": "11.0.1",
                "html2canvas": "1.4.1",
                "jquery-ui": "1.14.2",
                "jspdf": "4.2.1",
                "jszip": "3.10.1",
                "pdfmake": "0.2.7"
            }
        },
        "node_modules/@babel/runtime": {
            "version": "7.29.7",
            "resolved": "https://registry.npmjs.org/@babel/runtime/-/runtime-7.29.7.tgz",
            "integrity": "sha512-Nq8OhGWiZIZGV6hLHoyAKLLcJihP/xFeBMGJoUrxTX2psI8dCifzLhZISFb+VWS3wFMRDmCGw5R+dOySCqPLhw==",
            "license": "MIT",
            "engines": {
                "node": ">=6.9.0"
            }
        },
        "node_modules/@foliojs-fork/fontkit": {
            "version": "1.9.2",
            "resolved": "https://registry.npmjs.org/@foliojs-fork/fontkit/-/fontkit-1.9.2.tgz",
            "integrity": "sha512-IfB5EiIb+GZk+77TRB86AHroVaqfq8JRFlUbz0WEwsInyCG0epX2tCPOy+UfaWPju30DeVoUAXfzWXmhn753KA==",
            "license": "MIT",
            "dependencies": {
                "@foliojs-fork/restructure": "^2.0.2",
                "brotli": "^1.2.0",
                "clone": "^1.0.4",
                "deep-equal": "^1.0.0",
                "dfa": "^1.2.0",
                "tiny-inflate": "^1.0.2",
                "unicode-properties": "^1.2.2",
                "unicode-trie": "^2.0.0"
            }
        },
        "node_modules/@foliojs-fork/linebreak": {
            "version": "1.1.2",
            "resolved": "https://registry.npmjs.org/@foliojs-fork/linebreak/-/linebreak-1.1.2.tgz",
            "integrity": "sha512-ZPohpxxbuKNE0l/5iBJnOAfUaMACwvUIKCvqtWGKIMv1lPYoNjYXRfhi9FeeV9McBkBLxsMFWTVVhHJA8cyzvg==",
            "license": "MIT",
            "dependencies": {
                "base64-js": "1.3.1",
                "unicode-trie": "^2.0.0"
            }
        },
        "node_modules/@foliojs-fork/pdfkit": {
            "version": "0.13.0",
            "resolved": "https://registry.npmjs.org/@foliojs-fork/pdfkit/-/pdfkit-0.13.0.tgz",
            "integrity": "sha512-YXeG1fml9k97YNC9K8e292Pj2JzGt9uOIiBFuQFxHsdQ45BlxW+JU3RQK6JAvXU7kjhjP8rCcYvpk36JLD33sQ==",
            "license": "MIT",
            "dependencies": {
                "@foliojs-fork/fontkit": "^1.9.1",
                "@foliojs-fork/linebreak": "^1.1.1",
                "crypto-js": "^4.0.0",
                "png-js": "^1.0.0"
            }
        },
        "node_modules/@foliojs-fork/restructure": {
            "version": "2.0.2",
            "resolved": "https://registry.npmjs.org/@foliojs-fork/restructure/-/restructure-2.0.2.tgz",
            "integrity": "sha512-59SgoZ3EXbkfSX7b63tsou/SDGzwUEK6MuB5sKqgVK1/XE0fxmpsOb9DQI8LXW3KfGnAjImCGhhEb7uPPAUVNA==",
            "license": "MIT"
        },
        "node_modules/@types/pako": {
            "version": "2.0.4",
            "resolved": "https://registry.npmjs.org/@types/pako/-/pako-2.0.4.tgz",
            "integrity": "sha512-VWDCbrLeVXJM9fihYodcLiIv0ku+AlOa/TQ1SvYOaBuyrSKgEcro95LJyIsJ4vSo6BXIxOKxiJAat04CmST9Fw==",
            "license": "MIT"
        },
        "node_modules/@types/raf": {
            "version": "3.4.3",
            "resolved": "https://registry.npmjs.org/@types/raf/-/raf-3.4.3.tgz",
            "integrity": "sha512-c4YAvMedbPZ5tEyxzQdMoOhhJ4RD3rngZIdwC2/qDN3d7JpEhB6fiBRKVY1lg5B7Wk+uPBjn5f39j1/2MY1oOw==",
            "license": "MIT",
            "optional": true
        },
        "node_modules/@types/trusted-types": {
            "version": "2.0.7",
            "resolved": "https://registry.npmjs.org/@types/trusted-types/-/trusted-types-2.0.7.tgz",
            "integrity": "sha512-ScaPdn1dQczgbl0QFTeTOmVHFULt394XJgOQNoyVhZ6r2vLnMLJfBPd53SB52T/3G36VI1/g2MZaX0cwDuXsfw==",
            "license": "MIT",
            "optional": true
        },
        "node_modules/base64-arraybuffer": {
            "version": "1.0.2",
            "resolved": "https://registry.npmjs.org/base64-arraybuffer/-/base64-arraybuffer-1.0.2.tgz",
            "integrity": "sha512-I3yl4r9QB5ZRY3XuJVEPfc2XhZO6YweFPI+UovAzn+8/hb3oJ6lnysaFcjVpkCPfVWFUDvoZ8kmVDP7WyRtYtQ==",
            "license": "MIT",
            "engines": {
                "node": ">= 0.6.0"
            }
        },
        "node_modules/base64-js": {
            "version": "1.3.1",
            "resolved": "https://registry.npmjs.org/base64-js/-/base64-js-1.3.1.tgz",
            "integrity": "sha512-mLQ4i2QO1ytvGWFWmcngKO//JXAQueZvwEKtjgQFM4jIK0kU+ytMfplL8j+n5mspOfjHwoAg+9yhb7BwAHm36g==",
            "license": "MIT"
        },
        "node_modules/brotli": {
            "version": "1.3.3",
            "resolved": "https://registry.npmjs.org/brotli/-/brotli-1.3.3.tgz",
            "integrity": "sha512-oTKjJdShmDuGW94SyyaoQvAjf30dZaHnjJ8uAF+u2/vGJkJbJPJAT1gDiOJP5v1Zb6f9KEyW/1HpuaWIXtGHPg==",
            "license": "MIT",
            "dependencies": {
                "base64-js": "^1.1.2"
            }
        },
        "node_modules/browserify-zlib": {
            "version": "0.2.0",
            "resolved": "https://registry.npmjs.org/browserify-zlib/-/browserify-zlib-0.2.0.tgz",
            "integrity": "sha512-Z942RysHXmJrhqk88FmKBVq/v5tqmSkDz7p54G/MGyjMnCFFnC79XWNbg+Vta8W6Wb2qtSZTSxIGkJrRpCFEiA==",
            "license": "MIT",
            "dependencies": {
                "pako": "~1.0.5"
            }
        },
        "node_modules/call-bind": {
            "version": "1.0.9",
            "resolved": "https://registry.npmjs.org/call-bind/-/call-bind-1.0.9.tgz",
            "integrity": "sha512-a/hy+pNsFUTR+Iz8TCJvXudKVLAnz/DyeSUo10I5yvFDQJBFU2s9uqQpoSrJlroHUKoKqzg+epxyP9lqFdzfBQ==",
            "license": "MIT",
            "dependencies": {
                "call-bind-apply-helpers": "^1.0.2",
                "es-define-property": "^1.0.1",
                "get-intrinsic": "^1.3.0",
                "set-function-length": "^1.2.2"
            },
            "engines": {
                "node": ">= 0.4"
            },
            "funding": {
                "url": "https://github.com/sponsors/ljharb"
            }
        },
        "node_modules/call-bind-apply-helpers": {
            "version": "1.0.2",
            "resolved": "https://registry.npmjs.org/call-bind-apply-helpers/-/call-bind-apply-helpers-1.0.2.tgz",
            "integrity": "sha512-Sp1ablJ0ivDkSzjcaJdxEunN5/XvksFJ2sMBFfq6x0ryhQV/2b/KwFe21cMpmHtPOSij8K99/wSfoEuTObmuMQ==",
            "license": "MIT",
            "dependencies": {
                "es-errors": "^1.3.0",
                "function-bind": "^1.1.2"
            },
            "engines": {
                "node": ">= 0.4"
            }
        },
        "node_modules/call-bound": {
            "version": "1.0.4",
            "resolved": "https://registry.npmjs.org/call-bound/-/call-bound-1.0.4.tgz",
            "integrity": "sha512-+ys997U96po4Kx/ABpBCqhA9EuxJaQWDQg7295H4hBphv3IZg0boBKuwYpt4YXp6MZ5AmZQnU/tyMTlRpaSejg==",
            "license": "MIT",
            "dependencies": {
                "call-bind-apply-helpers": "^1.0.2",
                "get-intrinsic": "^1.3.0"
            },
            "engines": {
                "node": ">= 0.4"
            },
            "funding": {
                "url": "https://github.com/sponsors/ljharb"
            }
        },
        "node_modules/canvg": {
            "version": "3.0.11",
            "resolved": "https://registry.npmjs.org/canvg/-/canvg-3.0.11.tgz",
            "integrity": "sha512-5ON+q7jCTgMp9cjpu4Jo6XbvfYwSB2Ow3kzHKfIyJfaCAOHLbdKPQqGKgfED/R5B+3TFFfe8pegYA+b423SRyA==",
            "license": "MIT",
            "optional": true,
            "dependencies": {
                "@babel/runtime": "^7.12.5",
                "@types/raf": "^3.4.0",
                "core-js": "^3.8.3",
                "raf": "^3.4.1",
                "regenerator-runtime": "^0.13.7",
                "rgbcolor": "^1.0.1",
                "stackblur-canvas": "^2.0.0",
                "svg-pathdata": "^6.0.3"
            },
            "engines": {
                "node": ">=10.0.0"
            }
        },
        "node_modules/circles.js": {
            "version": "0.0.6",
            "resolved": "https://registry.npmjs.org/circles.js/-/circles.js-0.0.6.tgz",
            "integrity": "sha512-klcHmhkf0eZZr/NFKQSkH2CQCOGx/WPzOnXzVm0X6z0ZiTXjOLPXp+cxx7wnb1wVwk6/DBNikTUuAHNsL34ySw==",
            "deprecated": "Package no longer supported. Contact Support at https://www.npmjs.com/support for more info."
        },
        "node_modules/clone": {
            "version": "1.0.4",
            "resolved": "https://registry.npmjs.org/clone/-/clone-1.0.4.tgz",
            "integrity": "sha512-JQHZ2QMW6l3aH/j6xCqQThY/9OH4D/9ls34cgkUBiEeocRTU04tHfKPBsUK1PqZCUQM7GiA0IIXJSuXHI64Kbg==",
            "license": "MIT",
            "engines": {
                "node": ">=0.8"
            }
        },
        "node_modules/core-js": {
            "version": "3.50.0",
            "resolved": "https://registry.npmjs.org/core-js/-/core-js-3.50.0.tgz",
            "integrity": "sha512-BRWgOLKkFeCgRudR6zrs8p9XJZcE14grzKMMssoYrk6krtuEZ7MTKPIY5RzOnqsEKIR9kst7wNzphttraT+Yqw==",
            "hasInstallScript": true,
            "license": "MIT",
            "optional": true,
            "engines": {
                "node": "*"
            },
            "funding": {
                "type": "opencollective",
                "url": "https://opencollective.com/core-js"
            }
        },
        "node_modules/core-util-is": {
            "version": "1.0.3",
            "resolved": "https://registry.npmjs.org/core-util-is/-/core-util-is-1.0.3.tgz",
            "integrity": "sha512-ZQBvi1DcpJ4GDqanjucZ2Hj3wEO5pZDS89BWbkcrvdxksJorwUDDZamX9ldFkp9aw2lmBDLgkObEA4DWNJ9FYQ==",
            "license": "MIT"
        },
        "node_modules/countup.js": {
            "version": "1.9.3",
            "resolved": "https://registry.npmjs.org/countup.js/-/countup.js-1.9.3.tgz",
            "integrity": "sha512-UHf2P/mFKaESqdPq+UdBJm/1y8lYdlcDd0nTZHNC8cxWoJwZr1Eldm1PpWui446vDl5Pd8PtRYkr3q6K4+Qa5A==",
            "license": "MIT"
        },
        "node_modules/crypto-js": {
            "version": "4.2.0",
            "resolved": "https://registry.npmjs.org/crypto-js/-/crypto-js-4.2.0.tgz",
            "integrity": "sha512-KALDyEYgpY+Rlob/iriUtjV6d5Eq+Y191A5g4UqLAi8CyGP9N1+FdVbkc1SxKc2r4YAYqG8JzO2KGL+AizD70Q==",
            "deprecated": "Active development of CryptoJS has been discontinued. This library is no longer maintained.",
            "license": "MIT"
        },
        "node_modules/css-line-break": {
            "version": "2.1.0",
            "resolved": "https://registry.npmjs.org/css-line-break/-/css-line-break-2.1.0.tgz",
            "integrity": "sha512-FHcKFCZcAha3LwfVBhCQbW2nCNbkZXn7KVUJcsT5/P8YmfsVja0FMPJr0B903j/E69HUphKiV9iQArX8SDYA4w==",
            "license": "MIT",
            "dependencies": {
                "utrie": "^1.0.2"
            }
        },
        "node_modules/datatables.net": {
            "version": "2.3.7",
            "resolved": "https://registry.npmjs.org/datatables.net/-/datatables.net-2.3.7.tgz",
            "integrity": "sha512-AvsjG/Nkp6OxeyBKYZauemuzQCPogE1kOtKwG4sYjvdqGCSLiGaJagQwXv4YxG+ts5vaJr6qKGG9ec3g6vTo3w==",
            "license": "MIT",
            "dependencies": {
                "jquery": ">=1.7"
            }
        },
        "node_modules/datatables.net-buttons": {
            "version": "3.2.6",
            "resolved": "https://registry.npmjs.org/datatables.net-buttons/-/datatables.net-buttons-3.2.6.tgz",
            "integrity": "sha512-rLqkB3xLIAYwVLt+lUSxybo/1WqveTAxhQm6wj6yvXlJiWq+oJ8MKW6H1q90QrXbNp0fGngnfD0cmpMZnNnnNw==",
            "license": "MIT",
            "dependencies": {
                "datatables.net": "^2",
                "jquery": ">=1.7"
            }
        },
        "node_modules/datatables.net-colreorder": {
            "version": "2.1.2",
            "resolved": "https://registry.npmjs.org/datatables.net-colreorder/-/datatables.net-colreorder-2.1.2.tgz",
            "integrity": "sha512-lIsUyOt2nBm4sD2cSzDKZcIVrGgrZkh90Z2f03s8p7DYcZSfXMHAhFBrDYf9/eAK6wJnODN8EDMsrtPHfgoSXA==",
            "license": "MIT",
            "dependencies": {
                "datatables.net": "^2",
                "jquery": ">=1.7"
            }
        },
        "node_modules/deep-equal": {
            "version": "1.1.2",
            "resolved": "https://registry.npmjs.org/deep-equal/-/deep-equal-1.1.2.tgz",
            "integrity": "sha512-5tdhKF6DbU7iIzrIOa1AOUt39ZRm13cmL1cGEh//aqR8x9+tNfbywRf0n5FD/18OKMdo7DNEtrX2t22ZAkI+eg==",
            "license": "MIT",
            "dependencies": {
                "is-arguments": "^1.1.1",
                "is-date-object": "^1.0.5",
                "is-regex": "^1.1.4",
                "object-is": "^1.1.5",
                "object-keys": "^1.1.1",
                "regexp.prototype.flags": "^1.5.1"
            },
            "engines": {
                "node": ">= 0.4"
            },
            "funding": {
                "url": "https://github.com/sponsors/ljharb"
            }
        },
        "node_modules/define-data-property": {
            "version": "1.1.4",
            "resolved": "https://registry.npmjs.org/define-data-property/-/define-data-property-1.1.4.tgz",
            "integrity": "sha512-rBMvIzlpA8v6E+SJZoo++HAYqsLrkg7MSfIinMPFhmkorw7X+dOXVJQs+QT69zGkzMyfDnIMN2Wid1+NbL3T+A==",
            "license": "MIT",
            "dependencies": {
                "es-define-property": "^1.0.0",
                "es-errors": "^1.3.0",
                "gopd": "^1.0.1"
            },
            "engines": {
                "node": ">= 0.4"
            },
            "funding": {
                "url": "https://github.com/sponsors/ljharb"
            }
        },
        "node_modules/define-properties": {
            "version": "1.2.1",
            "resolved": "https://registry.npmjs.org/define-properties/-/define-properties-1.2.1.tgz",
            "integrity": "sha512-8QmQKqEASLd5nx0U1B1okLElbUuuttJ/AnYmRXbbbGDWh6uS208EjD4Xqq/I9wK7u0v6O08XhTWnt5XtEbR6Dg==",
            "license": "MIT",
            "dependencies": {
                "define-data-property": "^1.0.1",
                "has-property-descriptors": "^1.0.0",
                "object-keys": "^1.1.1"
            },
            "engines": {
                "node": ">= 0.4"
            },
            "funding": {
                "url": "https://github.com/sponsors/ljharb"
            }
        },
        "node_modules/dfa": {
            "version": "1.2.0",
            "resolved": "https://registry.npmjs.org/dfa/-/dfa-1.2.0.tgz",
            "integrity": "sha512-ED3jP8saaweFTjeGX8HQPjeC1YYyZs98jGNZx6IiBvxW7JG5v492kamAQB3m2wop07CvU/RQmzcKr6bgcC5D/Q==",
            "license": "MIT"
        },
        "node_modules/dompurify": {
            "version": "3.4.15",
            "resolved": "https://registry.npmjs.org/dompurify/-/dompurify-3.4.15.tgz",
            "integrity": "sha512-EUBjM+B+lkDE41iE82DDSCfkoPGfXx8IxFxPMjNzm/Uk4xDet77rTN9wqlxlVg71kK7XGuUMv6wUxJUwwv+Xyw==",
            "license": "(MPL-2.0 OR Apache-2.0)",
            "optional": true,
            "optionalDependencies": {
                "@types/trusted-types": "^2.0.7"
            }
        },
        "node_modules/dunder-proto": {
            "version": "1.0.1",
            "resolved": "https://registry.npmjs.org/dunder-proto/-/dunder-proto-1.0.1.tgz",
            "integrity": "sha512-KIN/nDJBQRcXw0MLVhZE9iQHmG68qAVIBg9CqmUYjmQIhgij9U5MFvrqkUL5FbtyyzZuOeOt0zdeRe4UY7ct+A==",
            "license": "MIT",
            "dependencies": {
                "call-bind-apply-helpers": "^1.0.1",
                "es-errors": "^1.3.0",
                "gopd": "^1.2.0"
            },
            "engines": {
                "node": ">= 0.4"
            }
        },
        "node_modules/echarts": {
            "version": "6.1.0",
            "resolved": "https://registry.npmjs.org/echarts/-/echarts-6.1.0.tgz",
            "integrity": "sha512-q0yaFPggC9FUdsWH4blavRWFmxdrIodbkoKNAjJudAI6CA9gNPxHtV2RcZNEepZVlk4yvBYkOkbk6HIVpIyHZA==",
            "license": "Apache-2.0",
            "dependencies": {
                "tslib": "2.3.0",
                "zrender": "6.1.0"
            }
        },
        "node_modules/es-define-property": {
            "version": "1.0.1",
            "resolved": "https://registry.npmjs.org/es-define-property/-/es-define-property-1.0.1.tgz",
            "integrity": "sha512-e3nRfgfUZ4rNGL232gUgX06QNyyez04KdjFrF+LTRoOXmrOgFKDg4BCdsjW8EnT69eqdYGmRpJwiPVYNrCaW3g==",
            "license": "MIT",
            "engines": {
                "node": ">= 0.4"
            }
        },
        "node_modules/es-errors": {
            "version": "1.3.0",
            "resolved": "https://registry.npmjs.org/es-errors/-/es-errors-1.3.0.tgz",
            "integrity": "sha512-Zf5H2Kxt2xjTvbJvP2ZWLEICxA6j+hAmMzIlypy4xcBg1vKVnx89Wy0GbS+kf5cwCVFFzdCFh2XSCFNULS6csw==",
            "license": "MIT",
            "engines": {
                "node": ">= 0.4"
            }
        },
        "node_modules/es-object-atoms": {
            "version": "1.1.2",
            "resolved": "https://registry.npmjs.org/es-object-atoms/-/es-object-atoms-1.1.2.tgz",
            "integrity": "sha512-HWcBoN6NileqtSydK2FqHbS/LoDd2pqrnQHLyJzBj4kOp/ky2MWMN694xOfkK8/SnUsW2DH7EfyVlydKCsm1Zw==",
            "license": "MIT",
            "dependencies": {
                "es-errors": "^1.3.0"
            },
            "engines": {
                "node": ">= 0.4"
            }
        },
        "node_modules/fast-png": {
            "version": "6.4.0",
            "resolved": "https://registry.npmjs.org/fast-png/-/fast-png-6.4.0.tgz",
            "integrity": "sha512-kAqZq1TlgBjZcLr5mcN6NP5Rv4V2f22z00c3g8vRrwkcqjerx7BEhPbOnWCPqaHUl2XWQBJQvOT/FQhdMT7X/Q==",
            "license": "MIT",
            "dependencies": {
                "@types/pako": "^2.0.3",
                "iobuffer": "^5.3.2",
                "pako": "^2.1.0"
            }
        },
        "node_modules/fast-png/node_modules/pako": {
            "version": "2.2.0",
            "resolved": "https://registry.npmjs.org/pako/-/pako-2.2.0.tgz",
            "integrity": "sha512-zJq6RP/5q+TO2OpFV3FHzlPnFjmkb7Nc99a5SNjJE+uu/PkpChs+NIZSSzbBoD+6kjiISXjfYdwj1ZRQ81dz/w==",
            "funding": [
                {
                    "type": "github",
                    "url": "https://github.com/sponsors/puzrin"
                },
                {
                    "type": "github",
                    "url": "https://github.com/sponsors/nodeca"
                }
            ],
            "license": "(MIT AND Zlib)"
        },
        "node_modules/fflate": {
            "version": "0.8.3",
            "resolved": "https://registry.npmjs.org/fflate/-/fflate-0.8.3.tgz",
            "integrity": "sha512-tbZNuJrLwGUp3zshBtdy4W+ORxZuIh8a5ilyIEQDC5rY1f3U20JMry0Ll3WBzU58EZKsEuJFXhb5gwv8CsPvgA==",
            "license": "MIT"
        },
        "node_modules/function-bind": {
            "version": "1.1.2",
            "resolved": "https://registry.npmjs.org/function-bind/-/function-bind-1.1.2.tgz",
            "integrity": "sha512-7XHNxH7qX9xG5mIwxkhumTox/MIRNcOgDrxWsMt2pAr23WHp6MrRlN7FBSFpCpr+oVO0F744iUgR82nJMfG2SA==",
            "license": "MIT",
            "funding": {
                "url": "https://github.com/sponsors/ljharb"
            }
        },
        "node_modules/functions-have-names": {
            "version": "1.2.3",
            "resolved": "https://registry.npmjs.org/functions-have-names/-/functions-have-names-1.2.3.tgz",
            "integrity": "sha512-xckBUXyTIqT97tq2x2AMb+g163b5JFysYk0x4qxNFwbfQkmNZoiRHb6sPzI9/QV33WeuvVYBUIiD4NzNIyqaRQ==",
            "license": "MIT",
            "funding": {
                "url": "https://github.com/sponsors/ljharb"
            }
        },
        "node_modules/fuse.js": {
            "version": "6.6.2",
            "resolved": "https://registry.npmjs.org/fuse.js/-/fuse.js-6.6.2.tgz",
            "integrity": "sha512-cJaJkxCCxC8qIIcPBF9yGxY0W/tVZS3uEISDxhYIdtk8OL93pe+6Zj7LjCqVV4dzbqcriOZ+kQ/NE4RXZHsIGA==",
            "license": "Apache-2.0",
            "engines": {
                "node": ">=10"
            }
        },
        "node_modules/get-intrinsic": {
            "version": "1.3.0",
            "resolved": "https://registry.npmjs.org/get-intrinsic/-/get-intrinsic-1.3.0.tgz",
            "integrity": "sha512-9fSjSaos/fRIVIp+xSJlE6lfwhES7LNtKaCBIamHsjr2na1BiABJPo0mOjjz8GJDURarmCPGqaiVg5mfjb98CQ==",
            "license": "MIT",
            "dependencies": {
                "call-bind-apply-helpers": "^1.0.2",
                "es-define-property": "^1.0.1",
                "es-errors": "^1.3.0",
                "es-object-atoms": "^1.1.1",
                "function-bind": "^1.1.2",
                "get-proto": "^1.0.1",
                "gopd": "^1.2.0",
                "has-symbols": "^1.1.0",
                "hasown": "^2.0.2",
                "math-intrinsics": "^1.1.0"
            },
            "engines": {
                "node": ">= 0.4"
            },
            "funding": {
                "url": "https://github.com/sponsors/ljharb"
            }
        },
        "node_modules/get-proto": {
            "version": "1.0.1",
            "resolved": "https://registry.npmjs.org/get-proto/-/get-proto-1.0.1.tgz",
            "integrity": "sha512-sTSfBjoXBp89JvIKIefqw7U2CCebsc74kiY6awiGogKtoSGbgjYE/G/+l9sF3MWFPNc9IcoOC4ODfKHfxFmp0g==",
            "license": "MIT",
            "dependencies": {
                "dunder-proto": "^1.0.1",
                "es-object-atoms": "^1.0.0"
            },
            "engines": {
                "node": ">= 0.4"
            }
        },
        "node_modules/gopd": {
            "version": "1.2.0",
            "resolved": "https://registry.npmjs.org/gopd/-/gopd-1.2.0.tgz",
            "integrity": "sha512-ZUKRh6/kUFoAiTAtTYPZJ3hw9wNxx+BIBOijnlG9PnrJsCcSjs1wyyD6vJpaYtgnzDrKYRSqf3OO6Rfa93xsRg==",
            "license": "MIT",
            "engines": {
                "node": ">= 0.4"
            },
            "funding": {
                "url": "https://github.com/sponsors/ljharb"
            }
        },
        "node_modules/gridstack": {
            "version": "11.0.1",
            "resolved": "https://registry.npmjs.org/gridstack/-/gridstack-11.0.1.tgz",
            "integrity": "sha512-hzjFdWjAt4+KJJ+tBAMJV9NbgAiKLBVSJXzs9RtRXjndSasMnsxpKTTCAkGCmN164ROuP83Lm1p/OoJWiy+o3g==",
            "funding": [
                {
                    "type": "paypal",
                    "url": "https://www.paypal.me/alaind831"
                },
                {
                    "type": "venmo",
                    "url": "https://www.venmo.com/adumesny"
                }
            ],
            "license": "MIT"
        },
        "node_modules/has-property-descriptors": {
            "version": "1.0.2",
            "resolved": "https://registry.npmjs.org/has-property-descriptors/-/has-property-descriptors-1.0.2.tgz",
            "integrity": "sha512-55JNKuIW+vq4Ke1BjOTjM2YctQIvCT7GFzHwmfZPGo5wnrgkid0YQtnAleFSqumZm4az3n2BS+erby5ipJdgrg==",
            "license": "MIT",
            "dependencies": {
                "es-define-property": "^1.0.0"
            },
            "funding": {
                "url": "https://github.com/sponsors/ljharb"
            }
        },
        "node_modules/has-symbols": {
            "version": "1.1.0",
            "resolved": "https://registry.npmjs.org/has-symbols/-/has-symbols-1.1.0.tgz",
            "integrity": "sha512-1cDNdwJ2Jaohmb3sg4OmKaMBwuC48sYni5HUw2DvsC8LjGTLK9h+eb1X6RyuOHe4hT0ULCW68iomhjUoKUqlPQ==",
            "license": "MIT",
            "engines": {
                "node": ">= 0.4"
            },
            "funding": {
                "url": "https://github.com/sponsors/ljharb"
            }
        },
        "node_modules/has-tostringtag": {
            "version": "1.0.2",
            "resolved": "https://registry.npmjs.org/has-tostringtag/-/has-tostringtag-1.0.2.tgz",
            "integrity": "sha512-NqADB8VjPFLM2V0VvHUewwwsw0ZWBaIdgo+ieHtK3hasLz4qeCRjYcqfB6AQrBggRKppKF8L52/VqdVsO47Dlw==",
            "license": "MIT",
            "dependencies": {
                "has-symbols": "^1.0.3"
            },
            "engines": {
                "node": ">= 0.4"
            },
            "funding": {
                "url": "https://github.com/sponsors/ljharb"
            }
        },
        "node_modules/hasown": {
            "version": "2.0.4",
            "resolved": "https://registry.npmjs.org/hasown/-/hasown-2.0.4.tgz",
            "integrity": "sha512-T2UbfbBEF32wiepXIsMlTW9+dDYC6wMh/t/vYA4tuOMKqWz/n3vr1NFSxQiyP+zk2mXsoMA/i/7qV6LKut1t1A==",
            "license": "MIT",
            "dependencies": {
                "function-bind": "^1.1.2"
            },
            "engines": {
                "node": ">= 0.4"
            }
        },
        "node_modules/html2canvas": {
            "version": "1.4.1",
            "resolved": "https://registry.npmjs.org/html2canvas/-/html2canvas-1.4.1.tgz",
            "integrity": "sha512-fPU6BHNpsyIhr8yyMpTLLxAbkaK8ArIBcmZIRiBLiDhjeqvXolaEmDGmELFuX9I4xDcaKKcJl+TKZLqruBbmWA==",
            "license": "MIT",
            "dependencies": {
                "css-line-break": "^2.1.0",
                "text-segmentation": "^1.0.3"
            },
            "engines": {
                "node": ">=8.0.0"
            }
        },
        "node_modules/iconv-lite": {
            "version": "0.6.3",
            "resolved": "https://registry.npmjs.org/iconv-lite/-/iconv-lite-0.6.3.tgz",
            "integrity": "sha512-4fCk79wshMdzMp2rH06qWrJE4iolqLhCUH+OiuIgU++RB0+94NlDL81atO7GX55uUKueo0txHNtvEyI6D7WdMw==",
            "license": "MIT",
            "dependencies": {
                "safer-buffer": ">= 2.1.2 < 3.0.0"
            },
            "engines": {
                "node": ">=0.10.0"
            }
        },
        "node_modules/immediate": {
            "version": "3.0.6",
            "resolved": "https://registry.npmjs.org/immediate/-/immediate-3.0.6.tgz",
            "integrity": "sha512-XXOFtyqDjNDAQxVfYxuF7g9Il/IbWmmlQg2MYKOH8ExIT1qg6xc4zyS3HaEEATgs1btfzxq15ciUiY7gjSXRGQ==",
            "license": "MIT"
        },
        "node_modules/inherits": {
            "version": "2.0.4",
            "resolved": "https://registry.npmjs.org/inherits/-/inherits-2.0.4.tgz",
            "integrity": "sha512-k/vGaX4/Yla3WzyMCvTQOXYeIHvqOKtnqBduzTHpzpQZzAskKMhZ2K+EnBiSM9zGSoIFeMpXKxa4dYeZIQqewQ==",
            "license": "ISC"
        },
        "node_modules/iobuffer": {
            "version": "5.4.0",
            "resolved": "https://registry.npmjs.org/iobuffer/-/iobuffer-5.4.0.tgz",
            "integrity": "sha512-DRebOWuqDvxunfkNJAlc3IzWIPD5xVxwUNbHr7xKB8E6aLJxIPfNX3CoMJghcFjpv6RWQsrcJbghtEwSPoJqMA==",
            "license": "MIT"
        },
        "node_modules/is-arguments": {
            "version": "1.2.0",
            "resolved": "https://registry.npmjs.org/is-arguments/-/is-arguments-1.2.0.tgz",
            "integrity": "sha512-7bVbi0huj/wrIAOzb8U1aszg9kdi3KN/CyU19CTI7tAoZYEZoL9yCDXpbXN+uPsuWnP02cyug1gleqq+TU+YCA==",
            "license": "MIT",
            "dependencies": {
                "call-bound": "^1.0.2",
                "has-tostringtag": "^1.0.2"
            },
            "engines": {
                "node": ">= 0.4"
            },
            "funding": {
                "url": "https://github.com/sponsors/ljharb"
            }
        },
        "node_modules/is-date-object": {
            "version": "1.1.0",
            "resolved": "https://registry.npmjs.org/is-date-object/-/is-date-object-1.1.0.tgz",
            "integrity": "sha512-PwwhEakHVKTdRNVOw+/Gyh0+MzlCl4R6qKvkhuvLtPMggI1WAHt9sOwZxQLSGpUaDnrdyDsomoRgNnCfKNSXXg==",
            "license": "MIT",
            "dependencies": {
                "call-bound": "^1.0.2",
                "has-tostringtag": "^1.0.2"
            },
            "engines": {
                "node": ">= 0.4"
            },
            "funding": {
                "url": "https://github.com/sponsors/ljharb"
            }
        },
        "node_modules/is-regex": {
            "version": "1.2.1",
            "resolved": "https://registry.npmjs.org/is-regex/-/is-regex-1.2.1.tgz",
            "integrity": "sha512-MjYsKHO5O7mCsmRGxWcLWheFqN9DJ/2TmngvjKXihe6efViPqc274+Fx/4fYj/r03+ESvBdTXK0V6tA3rgez1g==",
            "license": "MIT",
            "dependencies": {
                "call-bound": "^1.0.2",
                "gopd": "^1.2.0",
                "has-tostringtag": "^1.0.2",
                "hasown": "^2.0.2"
            },
            "engines": {
                "node": ">= 0.4"
            },
            "funding": {
                "url": "https://github.com/sponsors/ljharb"
            }
        },
        "node_modules/isarray": {
            "version": "1.0.0",
            "resolved": "https://registry.npmjs.org/isarray/-/isarray-1.0.0.tgz",
            "integrity": "sha512-VLghIWNM6ELQzo7zwmcg0NmTVyWKYjvIeM83yjp0wRDTmUnrM678fQbcKBo6n2CJEF0szoG//ytg+TKla89ALQ==",
            "license": "MIT"
        },
        "node_modules/jquery": {
            "version": "4.0.0",
            "resolved": "https://registry.npmjs.org/jquery/-/jquery-4.0.0.tgz",
            "integrity": "sha512-TXCHVR3Lb6TZdtw1l3RTLf8RBWVGexdxL6AC8/e0xZKEpBflBsjh9/8LXw+dkNFuOyW9B7iB3O1sP7hS0Kiacg==",
            "license": "MIT"
        },
        "node_modules/jquery-ui": {
            "version": "1.14.2",
            "resolved": "https://registry.npmjs.org/jquery-ui/-/jquery-ui-1.14.2.tgz",
            "integrity": "sha512-1gSl7PUjyipa2adSr780Ujk16faicrV7PjPPzPtvWk7tTqBnsqp67NNV9jZK2+BIxUPXWSnIUU/LBCgwgGZE+Q==",
            "license": "MIT",
            "dependencies": {
                "jquery": ">=1.12.0 <5.0.0"
            }
        },
        "node_modules/jspdf": {
            "version": "4.2.1",
            "resolved": "https://registry.npmjs.org/jspdf/-/jspdf-4.2.1.tgz",
            "integrity": "sha512-YyAXyvnmjTbR4bHQRLzex3CuINCDlQnBqoSYyjJwTP2x9jDLuKDzy7aKUl0hgx3uhcl7xzg32agn5vlie6HIlQ==",
            "license": "MIT",
            "dependencies": {
                "@babel/runtime": "^7.28.6",
                "fast-png": "^6.2.0",
                "fflate": "^0.8.1"
            },
            "optionalDependencies": {
                "canvg": "^3.0.11",
                "core-js": "^3.6.0",
                "dompurify": "^3.3.1",
                "html2canvas": "^1.0.0-rc.5"
            }
        },
        "node_modules/jszip": {
            "version": "3.10.1",
            "resolved": "https://registry.npmjs.org/jszip/-/jszip-3.10.1.tgz",
            "integrity": "sha512-xXDvecyTpGLrqFrvkrUSoxxfJI5AH7U8zxxtVclpsUtMCq4JQ290LY8AW5c7Ggnr/Y/oK+bQMbqK2qmtk3pN4g==",
            "license": "(MIT OR GPL-3.0-or-later)",
            "dependencies": {
                "lie": "~3.3.0",
                "pako": "~1.0.2",
                "readable-stream": "~2.3.6",
                "setimmediate": "^1.0.5"
            }
        },
        "node_modules/lie": {
            "version": "3.3.0",
            "resolved": "https://registry.npmjs.org/lie/-/lie-3.3.0.tgz",
            "integrity": "sha512-UaiMJzeWRlEujzAuw5LokY1L5ecNQYZKfmyZ9L7wDHb/p5etKaxXhohBcrw0EYby+G/NA52vRSN4N39dxHAIwQ==",
            "license": "MIT",
            "dependencies": {
                "immediate": "~3.0.5"
            }
        },
        "node_modules/math-intrinsics": {
            "version": "1.1.0",
            "resolved": "https://registry.npmjs.org/math-intrinsics/-/math-intrinsics-1.1.0.tgz",
            "integrity": "sha512-/IXtbwEk5HTPyEwyKX6hGkYXxM9nbj64B+ilVJnC/R6B0pH5G4V3b0pVbL7DBj4tkhBAppbQUlf6F6Xl9LHu1g==",
            "license": "MIT",
            "engines": {
                "node": ">= 0.4"
            }
        },
        "node_modules/object-is": {
            "version": "1.1.6",
            "resolved": "https://registry.npmjs.org/object-is/-/object-is-1.1.6.tgz",
            "integrity": "sha512-F8cZ+KfGlSGi09lJT7/Nd6KJZ9ygtvYC0/UYYLI9nmQKLMnydpB9yvbv9K1uSkEu7FU9vYPmVwLg328tX+ot3Q==",
            "license": "MIT",
            "dependencies": {
                "call-bind": "^1.0.7",
                "define-properties": "^1.2.1"
            },
            "engines": {
                "node": ">= 0.4"
            },
            "funding": {
                "url": "https://github.com/sponsors/ljharb"
            }
        },
        "node_modules/object-keys": {
            "version": "1.1.1",
            "resolved": "https://registry.npmjs.org/object-keys/-/object-keys-1.1.1.tgz",
            "integrity": "sha512-NuAESUOUMrlIXOfHKzD6bpPu3tYt3xvjNdRIQ+FeT0lNb4K8WR70CaDxhuNguS2XG+GjkyMwOzsN5ZktImfhLA==",
            "license": "MIT",
            "engines": {
                "node": ">= 0.4"
            }
        },
        "node_modules/pako": {
            "version": "1.0.11",
            "resolved": "https://registry.npmjs.org/pako/-/pako-1.0.11.tgz",
            "integrity": "sha512-4hLB8Py4zZce5s4yd9XzopqwVv/yGNhV1Bl8NTmCq1763HeK2+EwVTv+leGeL13Dnh2wfbqowVPXCIO0z4taYw==",
            "license": "(MIT AND Zlib)"
        },
        "node_modules/pdfmake": {
            "version": "0.2.7",
            "resolved": "https://registry.npmjs.org/pdfmake/-/pdfmake-0.2.7.tgz",
            "integrity": "sha512-ClLpgx30H5G3EDvRW1MrA1Xih6YxEaSgIVFrOyBMgAAt62V+hxsyWAi6JNP7u1Fc5JKYAbpb4RRVw8Rhvmz5cQ==",
            "license": "MIT",
            "dependencies": {
                "@foliojs-fork/linebreak": "^1.1.1",
                "@foliojs-fork/pdfkit": "^0.13.0",
                "iconv-lite": "^0.6.3",
                "xmldoc": "^1.1.2"
            },
            "engines": {
                "node": ">=12"
            }
        },
        "node_modules/performance-now": {
            "version": "2.1.0",
            "resolved": "https://registry.npmjs.org/performance-now/-/performance-now-2.1.0.tgz",
            "integrity": "sha512-7EAHlyLHI56VEIdK57uwHdHKIaAGbnXPiw0yWbarQZOKaKpvUIgW0jWRVLiatnM+XXlSwsanIBH/hzGMJulMow==",
            "license": "MIT",
            "optional": true
        },
        "node_modules/png-js": {
            "version": "1.1.0",
            "resolved": "https://registry.npmjs.org/png-js/-/png-js-1.1.0.tgz",
            "integrity": "sha512-PM/uYGzGdNSzqeOgly68+6wKQDL1SY0a/N+OEa/+br6LnHWOAJB0Npiamnodfq3jd2LS/i2fMeOKSAILjA+m5Q==",
            "dependencies": {
                "browserify-zlib": "^0.2.0"
            }
        },
        "node_modules/process-nextick-args": {
            "version": "2.0.1",
            "resolved": "https://registry.npmjs.org/process-nextick-args/-/process-nextick-args-2.0.1.tgz",
            "integrity": "sha512-3ouUOpQhtgrbOa17J7+uxOTpITYWaGP7/AhoR3+A+/1e9skrzelGi/dXzEYyvbxubEF6Wn2ypscTKiKJFFn1ag==",
            "license": "MIT"
        },
        "node_modules/raf": {
            "version": "3.4.1",
            "resolved": "https://registry.npmjs.org/raf/-/raf-3.4.1.tgz",
            "integrity": "sha512-Sq4CW4QhwOHE8ucn6J34MqtZCeWFP2aQSmrlroYgqAV1PjStIhJXxYuTgUIfkEk7zTLjmIjLmU5q+fbD1NnOJA==",
            "license": "MIT",
            "optional": true,
            "dependencies": {
                "performance-now": "^2.1.0"
            }
        },
        "node_modules/readable-stream": {
            "version": "2.3.8",
            "resolved": "https://registry.npmjs.org/readable-stream/-/readable-stream-2.3.8.tgz",
            "integrity": "sha512-8p0AUk4XODgIewSi0l8Epjs+EVnWiK7NoDIEGU0HhE7+ZyY8D1IMY7odu5lRrFXGg71L15KG8QrPmum45RTtdA==",
            "license": "MIT",
            "dependencies": {
                "core-util-is": "~1.0.0",
                "inherits": "~2.0.3",
                "isarray": "~1.0.0",
                "process-nextick-args": "~2.0.0",
                "safe-buffer": "~5.1.1",
                "string_decoder": "~1.1.1",
                "util-deprecate": "~1.0.1"
            }
        },
        "node_modules/regenerator-runtime": {
            "version": "0.13.11",
            "resolved": "https://registry.npmjs.org/regenerator-runtime/-/regenerator-runtime-0.13.11.tgz",
            "integrity": "sha512-kY1AZVr2Ra+t+piVaJ4gxaFaReZVH40AKNo7UCX6W+dEwBo/2oZJzqfuN1qLq1oL45o56cPaTXELwrTh8Fpggg==",
            "license": "MIT",
            "optional": true
        },
        "node_modules/regexp.prototype.flags": {
            "version": "1.5.4",
            "resolved": "https://registry.npmjs.org/regexp.prototype.flags/-/regexp.prototype.flags-1.5.4.tgz",
            "integrity": "sha512-dYqgNSZbDwkaJ2ceRd9ojCGjBq+mOm9LmtXnAnEGyHhN/5R7iDW2TRw3h+o/jCFxus3P2LfWIIiwowAjANm7IA==",
            "license": "MIT",
            "dependencies": {
                "call-bind": "^1.0.8",
                "define-properties": "^1.2.1",
                "es-errors": "^1.3.0",
                "get-proto": "^1.0.1",
                "gopd": "^1.2.0",
                "set-function-name": "^2.0.2"
            },
            "engines": {
                "node": ">= 0.4"
            },
            "funding": {
                "url": "https://github.com/sponsors/ljharb"
            }
        },
        "node_modules/rgbcolor": {
            "version": "1.0.1",
            "resolved": "https://registry.npmjs.org/rgbcolor/-/rgbcolor-1.0.1.tgz",
            "integrity": "sha512-9aZLIrhRaD97sgVhtJOW6ckOEh6/GnvQtdVNfdZ6s67+3/XwLS9lBcQYzEEhYVeUowN7pRzMLsyGhK2i/xvWbw==",
            "license": "MIT OR SEE LICENSE IN FEEL-FREE.md",
            "optional": true,
            "engines": {
                "node": ">= 0.8.15"
            }
        },
        "node_modules/safe-buffer": {
            "version": "5.1.2",
            "resolved": "https://registry.npmjs.org/safe-buffer/-/safe-buffer-5.1.2.tgz",
            "integrity": "sha512-Gd2UZBJDkXlY7GbJxfsE8/nvKkUEU1G38c1siN6QP6a9PT9MmHB8GnpscSmMJSoF8LOIrt8ud/wPtojys4G6+g==",
            "license": "MIT"
        },
        "node_modules/safer-buffer": {
            "version": "2.1.2",
            "resolved": "https://registry.npmjs.org/safer-buffer/-/safer-buffer-2.1.2.tgz",
            "integrity": "sha512-YZo3K82SD7Riyi0E1EQPojLz7kpepnSQI9IyPbHHg1XXXevb5dJI7tpyN2ADxGcQbHG7vcyRHk0cbwqcQriUtg==",
            "license": "MIT"
        },
        "node_modules/sax": {
            "version": "1.6.1",
            "resolved": "https://registry.npmjs.org/sax/-/sax-1.6.1.tgz",
            "integrity": "sha512-42tBVwLWnaQvW5zc4HbZrTuWccECCZfBi92FDuwtqxasH+JbPB3/FOKb1m222K42R4WxuxzzMsTswfzgtSu64Q==",
            "license": "BlueOak-1.0.0",
            "engines": {
                "node": ">=11.0.0"
            }
        },
        "node_modules/set-function-length": {
            "version": "1.2.2",
            "resolved": "https://registry.npmjs.org/set-function-length/-/set-function-length-1.2.2.tgz",
            "integrity": "sha512-pgRc4hJ4/sNjWCSS9AmnS40x3bNMDTknHgL5UaMBTMyJnU90EgWh1Rz+MC9eFu4BuN/UwZjKQuY/1v3rM7HMfg==",
            "license": "MIT",
            "dependencies": {
                "define-data-property": "^1.1.4",
                "es-errors": "^1.3.0",
                "function-bind": "^1.1.2",
                "get-intrinsic": "^1.2.4",
                "gopd": "^1.0.1",
                "has-property-descriptors": "^1.0.2"
            },
            "engines": {
                "node": ">= 0.4"
            }
        },
        "node_modules/set-function-name": {
            "version": "2.0.2",
            "resolved": "https://registry.npmjs.org/set-function-name/-/set-function-name-2.0.2.tgz",
            "integrity": "sha512-7PGFlmtwsEADb0WYyvCMa1t+yke6daIG4Wirafur5kcf+MhUnPms1UeR0CKQdTZD81yESwMHbtn+TR+dMviakQ==",
            "license": "MIT",
            "dependencies": {
                "define-data-property": "^1.1.4",
                "es-errors": "^1.3.0",
                "functions-have-names": "^1.2.3",
                "has-property-descriptors": "^1.0.2"
            },
            "engines": {
                "node": ">= 0.4"
            }
        },
        "node_modules/setimmediate": {
            "version": "1.0.5",
            "resolved": "https://registry.npmjs.org/setimmediate/-/setimmediate-1.0.5.tgz",
            "integrity": "sha512-MATJdZp8sLqDl/68LfQmbP8zKPLQNV6BIZoIgrscFDQ+RsvK/BxeDQOgyxKKoh0y/8h3BqVFnCqQ/gd+reiIXA==",
            "license": "MIT"
        },
        "node_modules/stackblur-canvas": {
            "version": "2.7.0",
            "resolved": "https://registry.npmjs.org/stackblur-canvas/-/stackblur-canvas-2.7.0.tgz",
            "integrity": "sha512-yf7OENo23AGJhBriGx0QivY5JP6Y1HbrrDI6WLt6C5auYZXlQrheoY8hD4ibekFKz1HOfE48Ww8kMWMnJD/zcQ==",
            "license": "MIT",
            "optional": true,
            "engines": {
                "node": ">=0.1.14"
            }
        },
        "node_modules/string_decoder": {
            "version": "1.1.1",
            "resolved": "https://registry.npmjs.org/string_decoder/-/string_decoder-1.1.1.tgz",
            "integrity": "sha512-n/ShnvDi6FHbbVfviro+WojiFzv+s8MPMHBczVePfUpDJLwoLT0ht1l4YwBCbi8pJAveEEdnkHyPyTP/mzRfwg==",
            "license": "MIT",
            "dependencies": {
                "safe-buffer": "~5.1.0"
            }
        },
        "node_modules/svg-pathdata": {
            "version": "6.0.3",
            "resolved": "https://registry.npmjs.org/svg-pathdata/-/svg-pathdata-6.0.3.tgz",
            "integrity": "sha512-qsjeeq5YjBZ5eMdFuUa4ZosMLxgr5RZ+F+Y1OrDhuOCEInRMA3x74XdBtggJcj9kOeInz0WE+LgCPDkZFlBYJw==",
            "license": "MIT",
            "optional": true,
            "engines": {
                "node": ">=12.0.0"
            }
        },
        "node_modules/text-segmentation": {
            "version": "1.0.3",
            "resolved": "https://registry.npmjs.org/text-segmentation/-/text-segmentation-1.0.3.tgz",
            "integrity": "sha512-iOiPUo/BGnZ6+54OsWxZidGCsdU8YbE4PSpdPinp7DeMtUJNJBoJ/ouUSTJjHkh1KntHaltHl/gDs2FC4i5+Nw==",
            "license": "MIT",
            "dependencies": {
                "utrie": "^1.0.2"
            }
        },
        "node_modules/tiny-inflate": {
            "version": "1.0.3",
            "resolved": "https://registry.npmjs.org/tiny-inflate/-/tiny-inflate-1.0.3.tgz",
            "integrity": "sha512-pkY1fj1cKHb2seWDy0B16HeWyczlJA9/WW3u3c4z/NiWDsO3DOU5D7nhTLE9CF0yXv/QZFY7sEJmj24dK+Rrqw==",
            "license": "MIT"
        },
        "node_modules/tslib": {
            "version": "2.3.0",
            "resolved": "https://registry.npmjs.org/tslib/-/tslib-2.3.0.tgz",
            "integrity": "sha512-N82ooyxVNm6h1riLCoyS9e3fuJ3AMG2zIZs2Gd1ATcSFjSA23Q0fzjjZeh0jbJvWVDZ0cJT8yaNNaaXHzueNjg==",
            "license": "0BSD"
        },
        "node_modules/unicode-properties": {
            "version": "1.4.1",
            "resolved": "https://registry.npmjs.org/unicode-properties/-/unicode-properties-1.4.1.tgz",
            "integrity": "sha512-CLjCCLQ6UuMxWnbIylkisbRj31qxHPAurvena/0iwSVbQ2G1VY5/HjV0IRabOEbDHlzZlRdCrD4NhB0JtU40Pg==",
            "license": "MIT",
            "dependencies": {
                "base64-js": "^1.3.0",
                "unicode-trie": "^2.0.0"
            }
        },
        "node_modules/unicode-trie": {
            "version": "2.0.0",
            "resolved": "https://registry.npmjs.org/unicode-trie/-/unicode-trie-2.0.0.tgz",
            "integrity": "sha512-x7bc76x0bm4prf1VLg79uhAzKw8DVboClSN5VxJuQ+LKDOVEW9CdH+VY7SP+vX7xCYQqzzgQpFqz15zeLvAtZQ==",
            "license": "MIT",
            "dependencies": {
                "pako": "^0.2.5",
                "tiny-inflate": "^1.0.0"
            }
        },
        "node_modules/unicode-trie/node_modules/pako": {
            "version": "0.2.9",
            "resolved": "https://registry.npmjs.org/pako/-/pako-0.2.9.tgz",
            "integrity": "sha512-NUcwaKxUxWrZLpDG+z/xZaCgQITkA/Dv4V/T6bw7VON6l1Xz/VnrBqrYjZQ12TamKHzITTfOEIYUj48y2KXImA==",
            "license": "MIT"
        },
        "node_modules/util-deprecate": {
            "version": "1.0.2",
            "resolved": "https://registry.npmjs.org/util-deprecate/-/util-deprecate-1.0.2.tgz",
            "integrity": "sha512-EPD5q1uXyFxJpCrLnCc1nHnq3gOa6DZBocAIiI2TaSCA7VCJ1UJDMagCzIkXNsUYfD1daK//LTEQ8xiIbrHtcw==",
            "license": "MIT"
        },
        "node_modules/utrie": {
            "version": "1.0.2",
            "resolved": "https://registry.npmjs.org/utrie/-/utrie-1.0.2.tgz",
            "integrity": "sha512-1MLa5ouZiOmQzUbjbu9VmjLzn1QLXBhwpUa7kdLUQK+KQ5KA9I1vk5U4YHe/X2Ch7PYnJfWuWT+VbuxbGwljhw==",
            "license": "MIT",
            "dependencies": {
                "base64-arraybuffer": "^1.0.2"
            }
        },
        "node_modules/xmldoc": {
            "version": "1.3.0",
            "resolved": "https://registry.npmjs.org/xmldoc/-/xmldoc-1.3.0.tgz",
            "integrity": "sha512-y7IRWW6PvEnYQZNZFMRLNJw+p3pezM4nKYPfr15g4OOW9i8VpeydycFuipE2297OvZnh3jSb2pxOt9QpkZUVng==",
            "license": "MIT",
            "dependencies": {
                "sax": "^1.2.4"
            }
        },
        "node_modules/zrender": {
            "version": "6.1.0",
            "resolved": "https://registry.npmjs.org/zrender/-/zrender-6.1.0.tgz",
            "integrity": "sha512-oEGMDB6pOP2S6OwRR4PdVv610zrjnA3Bh+JnSG12fYJlBKjtNAoEb5fSUoCOOINlH96I2fU38/A2UpRKs67xYQ==",
            "license": "BSD-3-Clause",
            "dependencies": {
                "tslib": "2.3.0"
            }
        }
    }
}
